
Microsoft Visual Studio Solution File, Format Version 12.00
# Visual Studio Version 17
VisualStudioVersion = 17.4.33205.214
MinimumVisualStudioVersion = 10.0.40219.1
Project("{9A19103F-16F7-4668-BE54-9A1E7A4F7556}") = "HRA.WebAPI", "HRA.WebAPI\HRA.WebAPI.csproj", "{9DF656E8-57AE-490C-A32E-D222C3830C59}"
EndProject
Project("{9A19103F-16F7-4668-BE54-9A1E7A4F7556}") = "HRA.Infrastructure", "HRA.Infrastructure\HRA.Infrastructure.csproj", "{4940CB2B-76D0-4618-8D38-55CF01A43054}"
EndProject
Project("{9A19103F-16F7-4668-BE54-9A1E7A4F7556}") = "HRA.Domain", "HRA.Domain\HRA.Domain.csproj", "{8E4C26A2-6051-4A3E-A3AF-2C15003426F3}"
EndProject
Project("{9A19103F-16F7-4668-BE54-9A1E7A4F7556}") = "HRA.Application", "HRA.Application\HRA.Application.csproj", "{1FF7C9FB-E00A-49F4-8BC7-59D8FBE4DFC2}"
EndProject
Project("{9A19103F-16F7-4668-BE54-9A1E7A4F7556}") = "HRA.Transversal", "HRA.Transversal\HRA.Transversal.csproj", "{E75ED523-AF6C-446E-A640-BA719CA29EFF}"
EndProject
Global
	GlobalSection(SolutionConfigurationPlatforms) = preSolution
		Debug|Any CPU = Debug|Any CPU
		Release|Any CPU = Release|Any CPU
	EndGlobalSection
	GlobalSection(ProjectConfigurationPlatforms) = postSolution
		{9DF656E8-57AE-490C-A32E-D222C3830C59}.Debug|Any CPU.ActiveCfg = Debug|Any CPU
		{9DF656E8-57AE-490C-A32E-D222C3830C59}.Debug|Any CPU.Build.0 = Debug|Any CPU
		{9DF656E8-57AE-490C-A32E-D222C3830C59}.Release|Any CPU.ActiveCfg = Release|Any CPU
		{9DF656E8-57AE-490C-A32E-D222C3830C59}.Release|Any CPU.Build.0 = Release|Any CPU
		{4940CB2B-76D0-4618-8D38-55CF01A43054}.Debug|Any CPU.ActiveCfg = Debug|Any CPU
		{4940CB2B-76D0-4618-8D38-55CF01A43054}.Debug|Any CPU.Build.0 = Debug|Any CPU
		{4940CB2B-76D0-4618-8D38-55CF01A43054}.Release|Any CPU.ActiveCfg = Release|Any CPU
		{4940CB2B-76D0-4618-8D38-55CF01A43054}.Release|Any CPU.Build.0 = Release|Any CPU
		{8E4C26A2-6051-4A3E-A3AF-2C15003426F3}.Debug|Any CPU.ActiveCfg = Debug|Any CPU
		{8E4C26A2-6051-4A3E-A3AF-2C15003426F3}.Debug|Any CPU.Build.0 = Debug|Any CPU
		{8E4C26A2-6051-4A3E-A3AF-2C15003426F3}.Release|Any CPU.ActiveCfg = Release|Any CPU
		{8E4C26A2-6051-4A3E-A3AF-2C15003426F3}.Release|Any CPU.Build.0 = Release|Any CPU
		{1FF7C9FB-E00A-49F4-8BC7-59D8FBE4DFC2}.Debug|Any CPU.ActiveCfg = Debug|Any CPU
		{1FF7C9FB-E00A-49F4-8BC7-59D8FBE4DFC2}.Debug|Any CPU.Build.0 = Debug|Any CPU
		{1FF7C9FB-E00A-49F4-8BC7-59D8FBE4DFC2}.Release|Any CPU.ActiveCfg = Release|Any CPU
		{1FF7C9FB-E00A-49F4-8BC7-59D8FBE4DFC2}.Release|Any CPU.Build.0 = Release|Any CPU
		{E75ED523-AF6C-446E-A640-BA719CA29EFF}.Debug|Any CPU.ActiveCfg = Debug|Any CPU
		{E75ED523-AF6C-446E-A640-BA719CA29EFF}.Debug|Any CPU.Build.0 = Debug|Any CPU
		{E75ED523-AF6C-446E-A640-BA719CA29EFF}.Release|Any CPU.ActiveCfg = Release|Any CPU
		{E75ED523-AF6C-446E-A640-BA719CA29EFF}.Release|Any CPU.Build.0 = Release|Any CPU
	EndGlobalSection
	GlobalSection(SolutionProperties) = preSolution
		HideSolutionNode = FALSE
	EndGlobalSection
	GlobalSection(ExtensibilityGlobals) = postSolution
		SolutionGuid = {C28094CA-2132-4870-8722-B53BEDB0E3CC}
	EndGlobalSection
EndGlobal
